
Microsoft Visual Studio Solution File, Format Version 12.00
# Visual Studio Version 16
VisualStudioVersion = 16.0.29215.179
MinimumVisualStudioVersion = 10.0.40219.1
Project("{FAE04EC0-301F-11D3-BF4B-00C04F79EFBC}") = "foodieFun", "foodieFun\foodieFun.csproj", "{593A398F-A5F2-4E5B-AB50-997429A86D1A}"
EndProject
Global
	GlobalSection(SolutionConfigurationPlatforms) = preSolution
		Debug|Any CPU = Debug|Any CPU
		Release|Any CPU = Release|Any CPU
	EndGlobalSection
	GlobalSection(ProjectConfigurationPlatforms) = postSolution
		{593A398F-A5F2-4E5B-AB50-997429A86D1A}.Debug|Any CPU.ActiveCfg = Debug|Any CPU
		{593A398F-A5F2-4E5B-AB50-997429A86D1A}.Debug|Any CPU.Build.0 = Debug|Any CPU
		{593A398F-A5F2-4E5B-AB50-997429A86D1A}.Release|Any CPU.ActiveCfg = Release|Any CPU
		{593A398F-A5F2-4E5B-AB50-997429A86D1A}.Release|Any CPU.Build.0 = Release|Any CPU
	EndGlobalSection
	GlobalSection(SolutionProperties) = preSolution
		HideSolutionNode = FALSE
	EndGlobalSection
	GlobalSection(ExtensibilityGlobals) = postSolution
		SolutionGuid = {E7F63E46-9695-4A3E-8868-51B2F9AEEC31}
	EndGlobalSection
EndGlobal
